
Microsoft Visual Studio Solution File, Format Version 12.00
# Visual Studio Version 17
VisualStudioVersion = 17.10.35013.160
MinimumVisualStudioVersion = 10.0.40219.1
Project("{FAE04EC0-301F-11D3-BF4B-00C04F79EFBC}") = "google_login", "google_login\google_login.csproj", "{521DDD8D-D60B-496A-A213-AAD1B1C4D640}"
EndProject
Global
	GlobalSection(SolutionConfigurationPlatforms) = preSolution
		Debug|Any CPU = Debug|Any CPU
		Release|Any CPU = Release|Any CPU
	EndGlobalSection
	GlobalSection(ProjectConfigurationPlatforms) = postSolution
		{521DDD8D-D60B-496A-A213-AAD1B1C4D640}.Debug|Any CPU.ActiveCfg = Debug|Any CPU
		{521DDD8D-D60B-496A-A213-AAD1B1C4D640}.Debug|Any CPU.Build.0 = Debug|Any CPU
		{521DDD8D-D60B-496A-A213-AAD1B1C4D640}.Release|Any CPU.ActiveCfg = Release|Any CPU
		{521DDD8D-D60B-496A-A213-AAD1B1C4D640}.Release|Any CPU.Build.0 = Release|Any CPU
	EndGlobalSection
	GlobalSection(SolutionProperties) = preSolution
		HideSolutionNode = FALSE
	EndGlobalSection
	GlobalSection(ExtensibilityGlobals) = postSolution
		SolutionGuid = {ECD5D13A-64EA-4BDC-BA14-928A6BD63F89}
	EndGlobalSection
EndGlobal
