
Microsoft Visual Studio Solution File, Format Version 12.00
# Visual Studio Version 17
VisualStudioVersion = 17.10.35013.160
MinimumVisualStudioVersion = 10.0.40219.1
Project("{FAE04EC0-301F-11D3-BF4B-00C04F79EFBC}") = "form task", "form task\form task.csproj", "{03D970AC-3359-4B8A-9564-F2D1BA88331D}"
EndProject
Global
	GlobalSection(SolutionConfigurationPlatforms) = preSolution
		Debug|Any CPU = Debug|Any CPU
		Release|Any CPU = Release|Any CPU
	EndGlobalSection
	GlobalSection(ProjectConfigurationPlatforms) = postSolution
		{03D970AC-3359-4B8A-9564-F2D1BA88331D}.Debug|Any CPU.ActiveCfg = Debug|Any CPU
		{03D970AC-3359-4B8A-9564-F2D1BA88331D}.Debug|Any CPU.Build.0 = Debug|Any CPU
		{03D970AC-3359-4B8A-9564-F2D1BA88331D}.Release|Any CPU.ActiveCfg = Release|Any CPU
		{03D970AC-3359-4B8A-9564-F2D1BA88331D}.Release|Any CPU.Build.0 = Release|Any CPU
	EndGlobalSection
	GlobalSection(SolutionProperties) = preSolution
		HideSolutionNode = FALSE
	EndGlobalSection
	GlobalSection(ExtensibilityGlobals) = postSolution
		SolutionGuid = {9CE178E1-CEB1-4F7F-A065-27222B665F8F}
	EndGlobalSection
EndGlobal
